
Microsoft Visual Studio Solution File, Format Version 12.00
# Visual Studio 15
VisualStudioVersion = 15.0.27703.2000
MinimumVisualStudioVersion = 10.0.40219.1
Project("{FAE04EC0-301F-11D3-BF4B-00C04F79EFBC}") = "FoamCongfig", "FoamCongfig\FoamCongfig.csproj", "{65DE2E06-3F12-4B0D-ABFB-BFB4676B0AEF}"
EndProject
Global
	GlobalSection(SolutionConfigurationPlatforms) = preSolution
		Debug|Any CPU = Debug|Any CPU
		Debug|x64 = Debug|x64
		Debug|x86 = Debug|x86
		Release|Any CPU = Release|Any CPU
		Release|x64 = Release|x64
		Release|x86 = Release|x86
	EndGlobalSection
	GlobalSection(ProjectConfigurationPlatforms) = postSolution
		{65DE2E06-3F12-4B0D-ABFB-BFB4676B0AEF}.Debug|Any CPU.ActiveCfg = Debug|Any CPU
		{65DE2E06-3F12-4B0D-ABFB-BFB4676B0AEF}.Debug|Any CPU.Build.0 = Debug|Any CPU
		{65DE2E06-3F12-4B0D-ABFB-BFB4676B0AEF}.Debug|x64.ActiveCfg = Debug|Any CPU
		{65DE2E06-3F12-4B0D-ABFB-BFB4676B0AEF}.Debug|x64.Build.0 = Debug|Any CPU
		{65DE2E06-3F12-4B0D-ABFB-BFB4676B0AEF}.Debug|x86.ActiveCfg = Debug|Any CPU
		{65DE2E06-3F12-4B0D-ABFB-BFB4676B0AEF}.Debug|x86.Build.0 = Debug|Any CPU
		{65DE2E06-3F12-4B0D-ABFB-BFB4676B0AEF}.Release|Any CPU.ActiveCfg = Release|Any CPU
		{65DE2E06-3F12-4B0D-ABFB-BFB4676B0AEF}.Release|Any CPU.Build.0 = Release|Any CPU
		{65DE2E06-3F12-4B0D-ABFB-BFB4676B0AEF}.Release|x64.ActiveCfg = Release|Any CPU
		{65DE2E06-3F12-4B0D-ABFB-BFB4676B0AEF}.Release|x64.Build.0 = Release|Any CPU
		{65DE2E06-3F12-4B0D-ABFB-BFB4676B0AEF}.Release|x86.ActiveCfg = Release|Any CPU
		{65DE2E06-3F12-4B0D-ABFB-BFB4676B0AEF}.Release|x86.Build.0 = Release|Any CPU
	EndGlobalSection
	GlobalSection(SolutionProperties) = preSolution
		HideSolutionNode = FALSE
	EndGlobalSection
	GlobalSection(ExtensibilityGlobals) = postSolution
		SolutionGuid = {F8BE8796-43DB-4E57-8D21-50917B7402FC}
	EndGlobalSection
EndGlobal
